PODS:
  - Bolts (1.1.2)
  - Facebook-iOS-SDK (3.17.0):
    - Bolts
  - FXKeychain (1.5.1)
  - iRate (1.10.3)
  - iVersion (1.10.6)
  - MBProgressHUD (0.9)
  - Parse (1.2.21):
    - Facebook-iOS-SDK (~> 3.17)
  - StandardPaths (1.5.6)

DEPENDENCIES:
  - FXKeychain (~> 1.5)
  - iRate (~> 1.10.2)
  - iVersion (~> 1.10.6)
  - MBProgressHUD (~> 0.8)
  - Parse (~> 1.2.20)
  - StandardPaths (~> 1.5.6)

SPEC CHECKSUMS:
  Bolts: 2635e8698a630774689441047f3465d78c48d485
  Facebook-iOS-SDK: f20274d809f112ba540842e2b6cbe50128d51b7b
  FXKeychain: beb642a4218ba783507af08865eda05e9b26a612
  iRate: 40ebea2bb1e88866cef7393bd0abeae232cc5d38
  iVersion: bd6b244d3e381fd7838a9b1a94b9bcaa2c018e70
  MBProgressHUD: 2038dbcf3dce73215abed6001657043d53aa79a8
  Parse: 4be4e9fe2ee6dae16010e7622a5641a7c89154b7
  StandardPaths: 009f9c1699e26e46b2fb1a46b8bacc693d34460e

COCOAPODS: 0.33.1
