// !$*UTF8*$!
{
	archiveVersion = 1;
	classes = {
	};
	objectVersion = 46;
	objects = {

/* Begin PBXBuildFile section */
		37073ACEE84A2E7F9E56BE74 /* libPods-Oriole2.a in Frameworks */ = {isa = PBXBuildFile; fileRef = F26A58D40E4F833B4E2C7E1F /* libPods-Oriole2.a */; };
		4E0DE7131769D282008A4E30 /* OOMoreAppsView.h in Headers */ = {isa = PBXBuildFile; fileRef = 4E0DE7111769D282008A4E30 /* OOMoreAppsView.h */; };
		4E0DE7151769D282008A4E30 /* OOMoreAppsView.m in Sources */ = {isa = PBXBuildFile; fileRef = 4E0DE7121769D282008A4E30 /* OOMoreAppsView.m */; };
		4E1FDE3414F5CB3D003D15C0 /* MobileCoreServices.framework in Frameworks */ = {isa = PBXBuildFile; fileRef = 4E1FDE3314F5CB3D003D15C0 /* MobileCoreServices.framework */; };
		4E2B65CE194CB70B00552E94 /* OOMoreAppsEntity.h in Headers */ = {isa = PBXBuildFile; fileRef = 4E2B65CA194CB70B00552E94 /* OOMoreAppsEntity.h */; };
		4E2B65D0194CB70B00552E94 /* OOMoreAppsEntity.m in Sources */ = {isa = PBXBuildFile; fileRef = 4E2B65CB194CB70B00552E94 /* OOMoreAppsEntity.m */; };
		4E4721491711778B00675F51 /* OOZoomableImageView.h in Headers */ = {isa = PBXBuildFile; fileRef = 4E4721471711778B00675F51 /* OOZoomableImageView.h */; };
		4E47214B1711778B00675F51 /* OOZoomableImageView.m in Sources */ = {isa = PBXBuildFile; fileRef = 4E4721481711778B00675F51 /* OOZoomableImageView.m */; };
		4E47214F1711779600675F51 /* OOActivity.h in Headers */ = {isa = PBXBuildFile; fileRef = 4E47214D1711779600675F51 /* OOActivity.h */; };
		4E4721511711779600675F51 /* OOActivity.m in Sources */ = {isa = PBXBuildFile; fileRef = 4E47214E1711779600675F51 /* OOActivity.m */; };
		4E5FAB401A2AD52400BA308D /* OOAnimationManager.h in Headers */ = {isa = PBXBuildFile; fileRef = 4E5FAB3E1A2AD52400BA308D /* OOAnimationManager.h */; };
		4E5FAB411A2AD52400BA308D /* OOAnimationManager.m in Sources */ = {isa = PBXBuildFile; fileRef = 4E5FAB3F1A2AD52400BA308D /* OOAnimationManager.m */; };
		4E6DF04A14F4CA1B00379535 /* Oriole2_Prefix.pch in Headers */ = {isa = PBXBuildFile; fileRef = 4E6DF04914F4CA1B00379535 /* Oriole2_Prefix.pch */; };
		4E7D62FD14F601C500D8B7FF /* AVFoundation.framework in Frameworks */ = {isa = PBXBuildFile; fileRef = 4E7D62FC14F601C500D8B7FF /* AVFoundation.framework */; };
		4E7D634714F60B2000D8B7FF /* Security.framework in Frameworks */ = {isa = PBXBuildFile; fileRef = 4E7D634514F60B1E00D8B7FF /* Security.framework */; };
		4E9E22581F6272F500904BEB /* OOMoreAppsButton.h in Headers */ = {isa = PBXBuildFile; fileRef = 4E9E22561F6272F500904BEB /* OOMoreAppsButton.h */; };
		4E9E22591F6272F500904BEB /* OOMoreAppsButton.m in Sources */ = {isa = PBXBuildFile; fileRef = 4E9E22571F6272F500904BEB /* OOMoreAppsButton.m */; };
		4E9E225D1F627A3400904BEB /* OOAd.h in Headers */ = {isa = PBXBuildFile; fileRef = 4E9E225B1F627A3400904BEB /* OOAd.h */; };
		4E9E225E1F627A3400904BEB /* OOAd.m in Sources */ = {isa = PBXBuildFile; fileRef = 4E9E225C1F627A3400904BEB /* OOAd.m */; };
		4EA2069C1ABA4BD000FA02CE /* CALayer+XibConfiguration.h in Headers */ = {isa = PBXBuildFile; fileRef = 4EA2069A1ABA4BD000FA02CE /* CALayer+XibConfiguration.h */; };
		4EA2069D1ABA4BD000FA02CE /* CALayer+XibConfiguration.m in Sources */ = {isa = PBXBuildFile; fileRef = 4EA2069B1ABA4BD000FA02CE /* CALayer+XibConfiguration.m */; };
		4EA5BDF81607286A00C27749 /* OOAnimation.h in Headers */ = {isa = PBXBuildFile; fileRef = 4EA5BAFE1607286900C27749 /* OOAnimation.h */; };
		4EA5BDFA1607286A00C27749 /* OOAnimation.m in Sources */ = {isa = PBXBuildFile; fileRef = 4EA5BAFF1607286900C27749 /* OOAnimation.m */; };
		4EA5BE081607286A00C27749 /* OOAppDelegate.h in Headers */ = {isa = PBXBuildFile; fileRef = 4EA5BB071607286900C27749 /* OOAppDelegate.h */; };
		4EA5BE0A1607286A00C27749 /* OOAppDelegate.m in Sources */ = {isa = PBXBuildFile; fileRef = 4EA5BB081607286900C27749 /* OOAppDelegate.m */; };
		4EA5BE0C1607286A00C27749 /* OOCommon.h in Headers */ = {isa = PBXBuildFile; fileRef = 4EA5BB091607286900C27749 /* OOCommon.h */; };
		4EA5BE0E1607286A00C27749 /* OOCommon.m in Sources */ = {isa = PBXBuildFile; fileRef = 4EA5BB0A1607286900C27749 /* OOCommon.m */; };
		4EA5BE401607286A00C27749 /* OOSplashView.h in Headers */ = {isa = PBXBuildFile; fileRef = 4EA5BB241607286900C27749 /* OOSplashView.h */; };
		4EA5BE421607286A00C27749 /* OOSplashView.m in Sources */ = {isa = PBXBuildFile; fileRef = 4EA5BB251607286900C27749 /* OOSplashView.m */; };
		4EA5BE4C1607286A00C27749 /* OOGeometry+Extend.h in Headers */ = {isa = PBXBuildFile; fileRef = 4EA5BB2C1607286900C27749 /* OOGeometry+Extend.h */; };
		4EA5BE4E1607286A00C27749 /* OOGeometry+Extend.m in Sources */ = {isa = PBXBuildFile; fileRef = 4EA5BB2D1607286900C27749 /* OOGeometry+Extend.m */; };
		4EA5BE501607286A00C27749 /* NSData+Extend.h in Headers */ = {isa = PBXBuildFile; fileRef = 4EA5BB2F1607286900C27749 /* NSData+Extend.h */; };
		4EA5BE521607286A00C27749 /* NSData+Extend.m in Sources */ = {isa = PBXBuildFile; fileRef = 4EA5BB301607286900C27749 /* NSData+Extend.m */; };
		4EA5BE581607286A00C27749 /* NSString+Extend.h in Headers */ = {isa = PBXBuildFile; fileRef = 4EA5BB331607286900C27749 /* NSString+Extend.h */; };
		4EA5BE5A1607286A00C27749 /* NSString+Extend.m in Sources */ = {isa = PBXBuildFile; fileRef = 4EA5BB341607286900C27749 /* NSString+Extend.m */; };
		4EA5BE5C1607286A00C27749 /* UIColor+Extend.h in Headers */ = {isa = PBXBuildFile; fileRef = 4EA5BB361607286900C27749 /* UIColor+Extend.h */; };
		4EA5BE5E1607286A00C27749 /* UIColor+Extend.m in Sources */ = {isa = PBXBuildFile; fileRef = 4EA5BB371607286900C27749 /* UIColor+Extend.m */; };
		4EA5BE601607286A00C27749 /* UIImage+Extend.h in Headers */ = {isa = PBXBuildFile; fileRef = 4EA5BB381607286900C27749 /* UIImage+Extend.h */; };
		4EA5BE621607286A00C27749 /* UIImage+Extend.m in Sources */ = {isa = PBXBuildFile; fileRef = 4EA5BB391607286900C27749 /* UIImage+Extend.m */; };
		4EA5BE641607286A00C27749 /* UIImageView+Extend.h in Headers */ = {isa = PBXBuildFile; fileRef = 4EA5BB3A1607286900C27749 /* UIImageView+Extend.h */; };
		4EA5BE661607286A00C27749 /* UIImageView+Extend.m in Sources */ = {isa = PBXBuildFile; fileRef = 4EA5BB3B1607286900C27749 /* UIImageView+Extend.m */; };
		4EA5BE681607286A00C27749 /* UIView+Extend.h in Headers */ = {isa = PBXBuildFile; fileRef = 4EA5BB3C1607286900C27749 /* UIView+Extend.h */; };
		4EA5BE6A1607286A00C27749 /* UIView+Extend.m in Sources */ = {isa = PBXBuildFile; fileRef = 4EA5BB3D1607286900C27749 /* UIView+Extend.m */; };
		4EA5BE7C1607286A00C27749 /* OOExtend.h in Headers */ = {isa = PBXBuildFile; fileRef = 4EA5BB4C1607286900C27749 /* OOExtend.h */; };
		4EA5BE7E1607286A00C27749 /* Oriole2.h in Headers */ = {isa = PBXBuildFile; fileRef = 4EA5BB4E1607286900C27749 /* Oriole2.h */; };
		4EA5C2C41607286B00C27749 /* OOMailViewController.h in Headers */ = {isa = PBXBuildFile; fileRef = 4EA5BDEA1607286A00C27749 /* OOMailViewController.h */; };
		4EA5C2C61607286B00C27749 /* OOMailViewController.m in Sources */ = {isa = PBXBuildFile; fileRef = 4EA5BDEB1607286A00C27749 /* OOMailViewController.m */; };
		4EDC3AD614F6226500B69FF4 /* StoreKit.framework in Frameworks */ = {isa = PBXBuildFile; fileRef = 4EDC3AD514F6226500B69FF4 /* StoreKit.framework */; };
		4EDC3AD814F6226A00B69FF4 /* CoreTelephony.framework in Frameworks */ = {isa = PBXBuildFile; fileRef = 4EDC3AD714F6226A00B69FF4 /* CoreTelephony.framework */; };
		4EDC3ADA14F6227600B69FF4 /* AudioToolbox.framework in Frameworks */ = {isa = PBXBuildFile; fileRef = 4EDC3AD914F6227600B69FF4 /* AudioToolbox.framework */; };
		4EFF0E8E193C9CBA00782AD4 /* UIKit.framework in Frameworks */ = {isa = PBXBuildFile; fileRef = 4EFF0E8D193C9CBA00782AD4 /* UIKit.framework */; };
		4EFF0E90193C9CC100782AD4 /* SystemConfiguration.framework in Frameworks */ = {isa = PBXBuildFile; fileRef = 4EFF0E8F193C9CC100782AD4 /* SystemConfiguration.framework */; };
		4EFF0F56193CCCDA00782AD4 /* GTMObjectSingleton.h in Headers */ = {isa = PBXBuildFile; fileRef = 4EFF0EEB193CCCDA00782AD4 /* GTMObjectSingleton.h */; };
		AACBBE4A0F95108600F1A2B1 /* Foundation.framework in Frameworks */ = {isa = PBXBuildFile; fileRef = AACBBE490F95108600F1A2B1 /* Foundation.framework */; };
		D91C50311430795600A1F3EF /* CoreData.framework in Frameworks */ = {isa = PBXBuildFile; fileRef = D91C50301430795600A1F3EF /* CoreData.framework */; };
		D95497CC131785A40017EDAF /* CFNetwork.framework in Frameworks */ = {isa = PBXBuildFile; fileRef = D95497CB131785A40017EDAF /* CFNetwork.framework */; };
		D95497CE131785A40017EDAF /* MessageUI.framework in Frameworks */ = {isa = PBXBuildFile; fileRef = D95497CD131785A40017EDAF /* MessageUI.framework */; settings = {ATTRIBUTES = (Weak, ); }; };
		D95497D0131785A40017EDAF /* QuartzCore.framework in Frameworks */ = {isa = PBXBuildFile; fileRef = D95497CF131785A40017EDAF /* QuartzCore.framework */; };
		D9EE1E191318AA540065F19F /* CoreGraphics.framework in Frameworks */ = {isa = PBXBuildFile; fileRef = D9EE1E181318AA540065F19F /* CoreGraphics.framework */; };
/* End PBXBuildFile section */

/* Begin PBXFileReference section */
		09213B0C624BC16EAE786AE0 /* Pods-Oriole2.debug.xcconfig */ = {isa = PBXFileReference; includeInIndex = 1; lastKnownFileType = text.xcconfig; name = "Pods-Oriole2.debug.xcconfig"; path = "Pods/Target Support Files/Pods-Oriole2/Pods-Oriole2.debug.xcconfig"; sourceTree = "<group>"; };
		1E1940BEA17E27A5CADC7A84 /* Pods-Oriole2.release.xcconfig */ = {isa = PBXFileReference; includeInIndex = 1; lastKnownFileType = text.xcconfig; name = "Pods-Oriole2.release.xcconfig"; path = "Pods/Target Support Files/Pods-Oriole2/Pods-Oriole2.release.xcconfig"; sourceTree = "<group>"; };
		4E03ADA61681D49200B1DA93 /* Social.framework */ = {isa = PBXFileReference; lastKnownFileType = wrapper.framework; name = Social.framework; path = System/Library/Frameworks/Social.framework; sourceTree = SDKROOT; };
		4E0DE7111769D282008A4E30 /* OOMoreAppsView.h */ = {isa = PBXFileReference; fileEncoding = 4; lastKnownFileType = sourcecode.c.h; path = OOMoreAppsView.h; sourceTree = "<group>"; };
		4E0DE7121769D282008A4E30 /* OOMoreAppsView.m */ = {isa = PBXFileReference; fileEncoding = 4; lastKnownFileType = sourcecode.c.objc; path = OOMoreAppsView.m; sourceTree = "<group>"; };
		4E135BEF15558FF9000EDE4D /* CoreLocation.framework */ = {isa = PBXFileReference; lastKnownFileType = wrapper.framework; name = CoreLocation.framework; path = System/Library/Frameworks/CoreLocation.framework; sourceTree = SDKROOT; };
		4E135BF115559005000EDE4D /* Twitter.framework */ = {isa = PBXFileReference; lastKnownFileType = wrapper.framework; name = Twitter.framework; path = System/Library/Frameworks/Twitter.framework; sourceTree = SDKROOT; };
		4E1FDE3314F5CB3D003D15C0 /* MobileCoreServices.framework */ = {isa = PBXFileReference; lastKnownFileType = wrapper.framework; name = MobileCoreServices.framework; path = System/Library/Frameworks/MobileCoreServices.framework; sourceTree = SDKROOT; };
		4E2B65CA194CB70B00552E94 /* OOMoreAppsEntity.h */ = {isa = PBXFileReference; fileEncoding = 4; lastKnownFileType = sourcecode.c.h; path = OOMoreAppsEntity.h; sourceTree = "<group>"; };
		4E2B65CB194CB70B00552E94 /* OOMoreAppsEntity.m */ = {isa = PBXFileReference; fileEncoding = 4; lastKnownFileType = sourcecode.c.objc; path = OOMoreAppsEntity.m; sourceTree = "<group>"; };
		4E4721471711778B00675F51 /* OOZoomableImageView.h */ = {isa = PBXFileReference; fileEncoding = 4; lastKnownFileType = sourcecode.c.h; path = OOZoomableImageView.h; sourceTree = "<group>"; };
		4E4721481711778B00675F51 /* OOZoomableImageView.m */ = {isa = PBXFileReference; fileEncoding = 4; lastKnownFileType = sourcecode.c.objc; path = OOZoomableImageView.m; sourceTree = "<group>"; };
		4E47214D1711779600675F51 /* OOActivity.h */ = {isa = PBXFileReference; fileEncoding = 4; lastKnownFileType = sourcecode.c.h; path = OOActivity.h; sourceTree = "<group>"; };
		4E47214E1711779600675F51 /* OOActivity.m */ = {isa = PBXFileReference; fileEncoding = 4; lastKnownFileType = sourcecode.c.objc; path = OOActivity.m; sourceTree = "<group>"; };
		4E5FAB3E1A2AD52400BA308D /* OOAnimationManager.h */ = {isa = PBXFileReference; fileEncoding = 4; lastKnownFileType = sourcecode.c.h; path = OOAnimationManager.h; sourceTree = "<group>"; };
		4E5FAB3F1A2AD52400BA308D /* OOAnimationManager.m */ = {isa = PBXFileReference; fileEncoding = 4; lastKnownFileType = sourcecode.c.objc; path = OOAnimationManager.m; sourceTree = "<group>"; };
		4E6DF04914F4CA1B00379535 /* Oriole2_Prefix.pch */ = {isa = PBXFileReference; fileEncoding = 4; lastKnownFileType = sourcecode.c.h; path = Oriole2_Prefix.pch; sourceTree = "<group>"; };
		4E6DF30614F4CAF100379535 /* libOriole2.a */ = {isa = PBXFileReference; explicitFileType = archive.ar; includeInIndex = 0; path = libOriole2.a; sourceTree = BUILT_PRODUCTS_DIR; };
		4E6E579D1B088FFA00525995 /* Oriole2.podspec */ = {isa = PBXFileReference; fileEncoding = 4; lastKnownFileType = text; path = Oriole2.podspec; sourceTree = "<group>"; };
		4E6E57A11B08958800525995 /* AssetsLibrary.framework */ = {isa = PBXFileReference; lastKnownFileType = wrapper.framework; name = AssetsLibrary.framework; path = System/Library/Frameworks/AssetsLibrary.framework; sourceTree = SDKROOT; };
		4E7D62FC14F601C500D8B7FF /* AVFoundation.framework */ = {isa = PBXFileReference; lastKnownFileType = wrapper.framework; name = AVFoundation.framework; path = System/Library/Frameworks/AVFoundation.framework; sourceTree = SDKROOT; };
		4E7D634514F60B1E00D8B7FF /* Security.framework */ = {isa = PBXFileReference; lastKnownFileType = wrapper.framework; name = Security.framework; path = System/Library/Frameworks/Security.framework; sourceTree = SDKROOT; };
		4E9E22561F6272F500904BEB /* OOMoreAppsButton.h */ = {isa = PBXFileReference; fileEncoding = 4; lastKnownFileType = sourcecode.c.h; path = OOMoreAppsButton.h; sourceTree = "<group>"; };
		4E9E22571F6272F500904BEB /* OOMoreAppsButton.m */ = {isa = PBXFileReference; fileEncoding = 4; lastKnownFileType = sourcecode.c.objc; path = OOMoreAppsButton.m; sourceTree = "<group>"; };
		4E9E225B1F627A3400904BEB /* OOAd.h */ = {isa = PBXFileReference; fileEncoding = 4; lastKnownFileType = sourcecode.c.h; path = OOAd.h; sourceTree = "<group>"; };
		4E9E225C1F627A3400904BEB /* OOAd.m */ = {isa = PBXFileReference; fileEncoding = 4; lastKnownFileType = sourcecode.c.objc; path = OOAd.m; sourceTree = "<group>"; };
		4EA2069A1ABA4BD000FA02CE /* CALayer+XibConfiguration.h */ = {isa = PBXFileReference; fileEncoding = 4; lastKnownFileType = sourcecode.c.h; path = "CALayer+XibConfiguration.h"; sourceTree = "<group>"; };
		4EA2069B1ABA4BD000FA02CE /* CALayer+XibConfiguration.m */ = {isa = PBXFileReference; fileEncoding = 4; lastKnownFileType = sourcecode.c.objc; path = "CALayer+XibConfiguration.m"; sourceTree = "<group>"; };
		4EA5B5DB1607116800C27749 /* Accounts.framework */ = {isa = PBXFileReference; lastKnownFileType = wrapper.framework; name = Accounts.framework; path = System/Library/Frameworks/Accounts.framework; sourceTree = SDKROOT; };
		4EA5BAF216071C6200C27749 /* Oriole2 Script-Info.plist */ = {isa = PBXFileReference; lastKnownFileType = text.plist.xml; name = "Oriole2 Script-Info.plist"; path = "/Users/gary/Documents/Projects/Oriole2/Oriole2 Script-Info.plist"; sourceTree = "<absolute>"; };
		4EA5BAFE1607286900C27749 /* OOAnimation.h */ = {isa = PBXFileReference; fileEncoding = 4; lastKnownFileType = sourcecode.c.h; path = OOAnimation.h; sourceTree = "<group>"; };
		4EA5BAFF1607286900C27749 /* OOAnimation.m */ = {isa = PBXFileReference; fileEncoding = 4; lastKnownFileType = sourcecode.c.objc; path = OOAnimation.m; sourceTree = "<group>"; };
		4EA5BB071607286900C27749 /* OOAppDelegate.h */ = {isa = PBXFileReference; fileEncoding = 4; lastKnownFileType = sourcecode.c.h; path = OOAppDelegate.h; sourceTree = "<group>"; };
		4EA5BB081607286900C27749 /* OOAppDelegate.m */ = {isa = PBXFileReference; fileEncoding = 4; lastKnownFileType = sourcecode.c.objc; path = OOAppDelegate.m; sourceTree = "<group>"; };
		4EA5BB091607286900C27749 /* OOCommon.h */ = {isa = PBXFileReference; fileEncoding = 4; lastKnownFileType = sourcecode.c.h; path = OOCommon.h; sourceTree = "<group>"; };
		4EA5BB0A1607286900C27749 /* OOCommon.m */ = {isa = PBXFileReference; fileEncoding = 4; lastKnownFileType = sourcecode.c.objc; path = OOCommon.m; sourceTree = "<group>"; };
		4EA5BB241607286900C27749 /* OOSplashView.h */ = {isa = PBXFileReference; fileEncoding = 4; lastKnownFileType = sourcecode.c.h; path = OOSplashView.h; sourceTree = "<group>"; };
		4EA5BB251607286900C27749 /* OOSplashView.m */ = {isa = PBXFileReference; fileEncoding = 4; lastKnownFileType = sourcecode.c.objc; path = OOSplashView.m; sourceTree = "<group>"; };
		4EA5BB2C1607286900C27749 /* OOGeometry+Extend.h */ = {isa = PBXFileReference; fileEncoding = 4; lastKnownFileType = sourcecode.c.h; path = "OOGeometry+Extend.h"; sourceTree = "<group>"; };
		4EA5BB2D1607286900C27749 /* OOGeometry+Extend.m */ = {isa = PBXFileReference; fileEncoding = 4; lastKnownFileType = sourcecode.c.objc; path = "OOGeometry+Extend.m"; sourceTree = "<group>"; };
		4EA5BB2F1607286900C27749 /* NSData+Extend.h */ = {isa = PBXFileReference; fileEncoding = 4; lastKnownFileType = sourcecode.c.h; path = "NSData+Extend.h"; sourceTree = "<group>"; };
		4EA5BB301607286900C27749 /* NSData+Extend.m */ = {isa = PBXFileReference; fileEncoding = 4; lastKnownFileType = sourcecode.c.objc; path = "NSData+Extend.m"; sourceTree = "<group>"; };
		4EA5BB331607286900C27749 /* NSString+Extend.h */ = {isa = PBXFileReference; fileEncoding = 4; lastKnownFileType = sourcecode.c.h; path = "NSString+Extend.h"; sourceTree = "<group>"; };
		4EA5BB341607286900C27749 /* NSString+Extend.m */ = {isa = PBXFileReference; fileEncoding = 4; lastKnownFileType = sourcecode.c.objc; path = "NSString+Extend.m"; sourceTree = "<group>"; };
		4EA5BB361607286900C27749 /* UIColor+Extend.h */ = {isa = PBXFileReference; fileEncoding = 4; lastKnownFileType = sourcecode.c.h; path = "UIColor+Extend.h"; sourceTree = "<group>"; };
		4EA5BB371607286900C27749 /* UIColor+Extend.m */ = {isa = PBXFileReference; fileEncoding = 4; lastKnownFileType = sourcecode.c.objc; path = "UIColor+Extend.m"; sourceTree = "<group>"; };
		4EA5BB381607286900C27749 /* UIImage+Extend.h */ = {isa = PBXFileReference; fileEncoding = 4; lastKnownFileType = sourcecode.c.h; path = "UIImage+Extend.h"; sourceTree = "<group>"; };
		4EA5BB391607286900C27749 /* UIImage+Extend.m */ = {isa = PBXFileReference; fileEncoding = 4; lastKnownFileType = sourcecode.c.objc; path = "UIImage+Extend.m"; sourceTree = "<group>"; };
		4EA5BB3A1607286900C27749 /* UIImageView+Extend.h */ = {isa = PBXFileReference; fileEncoding = 4; lastKnownFileType = sourcecode.c.h; path = "UIImageView+Extend.h"; sourceTree = "<group>"; };
		4EA5BB3B1607286900C27749 /* UIImageView+Extend.m */ = {isa = PBXFileReference; fileEncoding = 4; lastKnownFileType = sourcecode.c.objc; path = "UIImageView+Extend.m"; sourceTree = "<group>"; };
		4EA5BB3C1607286900C27749 /* UIView+Extend.h */ = {isa = PBXFileReference; fileEncoding = 4; lastKnownFileType = sourcecode.c.h; path = "UIView+Extend.h"; sourceTree = "<group>"; };
		4EA5BB3D1607286900C27749 /* UIView+Extend.m */ = {isa = PBXFileReference; fileEncoding = 4; lastKnownFileType = sourcecode.c.objc; path = "UIView+Extend.m"; sourceTree = "<group>"; };
		4EA5BB4C1607286900C27749 /* OOExtend.h */ = {isa = PBXFileReference; fileEncoding = 4; lastKnownFileType = sourcecode.c.h; path = OOExtend.h; sourceTree = "<group>"; };
		4EA5BB4E1607286900C27749 /* Oriole2.h */ = {isa = PBXFileReference; fileEncoding = 4; lastKnownFileType = sourcecode.c.h; path = Oriole2.h; sourceTree = "<group>"; };
		4EA5BDEA1607286A00C27749 /* OOMailViewController.h */ = {isa = PBXFileReference; fileEncoding = 4; lastKnownFileType = sourcecode.c.h; path = OOMailViewController.h; sourceTree = "<group>"; };
		4EA5BDEB1607286A00C27749 /* OOMailViewController.m */ = {isa = PBXFileReference; fileEncoding = 4; lastKnownFileType = sourcecode.c.objc; path = OOMailViewController.m; sourceTree = "<group>"; };
		4EDC3AD514F6226500B69FF4 /* StoreKit.framework */ = {isa = PBXFileReference; lastKnownFileType = wrapper.framework; name = StoreKit.framework; path = System/Library/Frameworks/StoreKit.framework; sourceTree = SDKROOT; };
		4EDC3AD714F6226A00B69FF4 /* CoreTelephony.framework */ = {isa = PBXFileReference; lastKnownFileType = wrapper.framework; name = CoreTelephony.framework; path = System/Library/Frameworks/CoreTelephony.framework; sourceTree = SDKROOT; };
		4EDC3AD914F6227600B69FF4 /* AudioToolbox.framework */ = {isa = PBXFileReference; lastKnownFileType = wrapper.framework; name = AudioToolbox.framework; path = System/Library/Frameworks/AudioToolbox.framework; sourceTree = SDKROOT; };
		4EFF0E8D193C9CBA00782AD4 /* UIKit.framework */ = {isa = PBXFileReference; lastKnownFileType = wrapper.framework; name = UIKit.framework; path = System/Library/Frameworks/UIKit.framework; sourceTree = SDKROOT; };
		4EFF0E8F193C9CC100782AD4 /* SystemConfiguration.framework */ = {isa = PBXFileReference; lastKnownFileType = wrapper.framework; name = SystemConfiguration.framework; path = System/Library/Frameworks/SystemConfiguration.framework; sourceTree = SDKROOT; };
		4EFF0EEB193CCCDA00782AD4 /* GTMObjectSingleton.h */ = {isa = PBXFileReference; fileEncoding = 4; lastKnownFileType = sourcecode.c.h; path = GTMObjectSingleton.h; sourceTree = "<group>"; };
		4EFF0F9D193CD38600782AD4 /* Oriole2.bundle */ = {isa = PBXFileReference; lastKnownFileType = "wrapper.plug-in"; path = Oriole2.bundle; sourceTree = "<group>"; };
		AACBBE490F95108600F1A2B1 /* Foundation.framework */ = {isa = PBXFileReference; lastKnownFileType = wrapper.framework; name = Foundation.framework; path = System/Library/Frameworks/Foundation.framework; sourceTree = SDKROOT; };
		D91C50301430795600A1F3EF /* CoreData.framework */ = {isa = PBXFileReference; lastKnownFileType = wrapper.framework; name = CoreData.framework; path = System/Library/Frameworks/CoreData.framework; sourceTree = SDKROOT; };
		D95497CB131785A40017EDAF /* CFNetwork.framework */ = {isa = PBXFileReference; lastKnownFileType = wrapper.framework; name = CFNetwork.framework; path = System/Library/Frameworks/CFNetwork.framework; sourceTree = SDKROOT; };
		D95497CD131785A40017EDAF /* MessageUI.framework */ = {isa = PBXFileReference; lastKnownFileType = wrapper.framework; name = MessageUI.framework; path = System/Library/Frameworks/MessageUI.framework; sourceTree = SDKROOT; };
		D95497CF131785A40017EDAF /* QuartzCore.framework */ = {isa = PBXFileReference; lastKnownFileType = wrapper.framework; name = QuartzCore.framework; path = System/Library/Frameworks/QuartzCore.framework; sourceTree = SDKROOT; };
		D95497DC131786090017EDAF /* Oriole2Test.octest */ = {isa = PBXFileReference; explicitFileType = wrapper.cfbundle; includeInIndex = 0; path = Oriole2Test.octest; sourceTree = BUILT_PRODUCTS_DIR; };
		D99EA3D013DDA6C900C26E68 /* InfoPlist.strings */ = {isa = PBXFileReference; fileEncoding = 4; lastKnownFileType = text.plist.strings; path = InfoPlist.strings; sourceTree = "<group>"; };
		D9EE1E181318AA540065F19F /* CoreGraphics.framework */ = {isa = PBXFileReference; lastKnownFileType = wrapper.framework; name = CoreGraphics.framework; path = System/Library/Frameworks/CoreGraphics.framework; sourceTree = SDKROOT; };
		F26A58D40E4F833B4E2C7E1F /* libPods-Oriole2.a */ = {isa = PBXFileReference; explicitFileType = archive.ar; includeInIndex = 0; path = "libPods-Oriole2.a"; sourceTree = BUILT_PRODUCTS_DIR; };
/* End PBXFileReference section */

/* Begin PBXFrameworksBuildPhase section */
		D2AAC07C0554694100DB518D /* Frameworks */ = {
			isa = PBXFrameworksBuildPhase;
			buildActionMask = 2147483647;
			files = (
				4EFF0E90193C9CC100782AD4 /* SystemConfiguration.framework in Frameworks */,
				4EFF0E8E193C9CBA00782AD4 /* UIKit.framework in Frameworks */,
				4EDC3ADA14F6227600B69FF4 /* AudioToolbox.framework in Frameworks */,
				4EDC3AD814F6226A00B69FF4 /* CoreTelephony.framework in Frameworks */,
				4EDC3AD614F6226500B69FF4 /* StoreKit.framework in Frameworks */,
				4E7D62FD14F601C500D8B7FF /* AVFoundation.framework in Frameworks */,
				4E1FDE3414F5CB3D003D15C0 /* MobileCoreServices.framework in Frameworks */,
				D91C50311430795600A1F3EF /* CoreData.framework in Frameworks */,
				AACBBE4A0F95108600F1A2B1 /* Foundation.framework in Frameworks */,
				D95497CC131785A40017EDAF /* CFNetwork.framework in Frameworks */,
				D95497CE131785A40017EDAF /* MessageUI.framework in Frameworks */,
				D95497D0131785A40017EDAF /* QuartzCore.framework in Frameworks */,
				D9EE1E191318AA540065F19F /* CoreGraphics.framework in Frameworks */,
				4E7D634714F60B2000D8B7FF /* Security.framework in Frameworks */,
				37073ACEE84A2E7F9E56BE74 /* libPods-Oriole2.a in Frameworks */,
			);
			runOnlyForDeploymentPostprocessing = 0;
		};
		D95497D9131786090017EDAF /* Frameworks */ = {
			isa = PBXFrameworksBuildPhase;
			buildActionMask = 2147483647;
			files = (
			);
			runOnlyForDeploymentPostprocessing = 0;
		};
/* End PBXFrameworksBuildPhase section */

/* Begin PBXGroup section */
		034768DFFF38A50411DB9C8B /* Products */ = {
			isa = PBXGroup;
			children = (
				D95497DC131786090017EDAF /* Oriole2Test.octest */,
				4E6DF30614F4CAF100379535 /* libOriole2.a */,
			);
			name = Products;
			sourceTree = "<group>";
		};
		0867D691FE84028FC02AAC07 = {
			isa = PBXGroup;
			children = (
				4EA5BAF91607286900C27749 /* Oriole2 */,
				D99EA3B713DDA6C700C26E68 /* Resources */,
				32C88DFF0371C24200C91783 /* Other Sources */,
				0867D69AFE84028FC02AAC07 /* Frameworks */,
				034768DFFF38A50411DB9C8B /* Products */,
				4EA5BAF216071C6200C27749 /* Oriole2 Script-Info.plist */,
				4E6E579D1B088FFA00525995 /* Oriole2.podspec */,
				9C7E4046265FF1D7C6CD5725 /* Pods */,
			);
			name = VSCommonLib;
			sourceTree = "<group>";
		};
		0867D69AFE84028FC02AAC07 /* Frameworks */ = {
			isa = PBXGroup;
			children = (
				4E6E57A11B08958800525995 /* AssetsLibrary.framework */,
				4EFF0E8F193C9CC100782AD4 /* SystemConfiguration.framework */,
				4EFF0E8D193C9CBA00782AD4 /* UIKit.framework */,
				4EA5B5DB1607116800C27749 /* Accounts.framework */,
				4EDC3AD914F6227600B69FF4 /* AudioToolbox.framework */,
				4E7D62FC14F601C500D8B7FF /* AVFoundation.framework */,
				D95497CB131785A40017EDAF /* CFNetwork.framework */,
				D91C50301430795600A1F3EF /* CoreData.framework */,
				D9EE1E181318AA540065F19F /* CoreGraphics.framework */,
				4E135BEF15558FF9000EDE4D /* CoreLocation.framework */,
				4EDC3AD714F6226A00B69FF4 /* CoreTelephony.framework */,
				AACBBE490F95108600F1A2B1 /* Foundation.framework */,
				D95497CD131785A40017EDAF /* MessageUI.framework */,
				4E1FDE3314F5CB3D003D15C0 /* MobileCoreServices.framework */,
				D95497CF131785A40017EDAF /* QuartzCore.framework */,
				4E7D634514F60B1E00D8B7FF /* Security.framework */,
				4E03ADA61681D49200B1DA93 /* Social.framework */,
				4EDC3AD514F6226500B69FF4 /* StoreKit.framework */,
				4E135BF115559005000EDE4D /* Twitter.framework */,
				F26A58D40E4F833B4E2C7E1F /* libPods-Oriole2.a */,
			);
			name = Frameworks;
			sourceTree = "<group>";
		};
		32C88DFF0371C24200C91783 /* Other Sources */ = {
			isa = PBXGroup;
			children = (
				4E6DF04914F4CA1B00379535 /* Oriole2_Prefix.pch */,
			);
			name = "Other Sources";
			sourceTree = "<group>";
		};
		4E9E225A1F627A3400904BEB /* Ad */ = {
			isa = PBXGroup;
			children = (
				4E9E225B1F627A3400904BEB /* OOAd.h */,
				4E9E225C1F627A3400904BEB /* OOAd.m */,
			);
			path = Ad;
			sourceTree = "<group>";
		};
		4EA206991ABA4BD000FA02CE /* CoreAnimation */ = {
			isa = PBXGroup;
			children = (
				4EA2069A1ABA4BD000FA02CE /* CALayer+XibConfiguration.h */,
				4EA2069B1ABA4BD000FA02CE /* CALayer+XibConfiguration.m */,
			);
			path = CoreAnimation;
			sourceTree = "<group>";
		};
		4EA5BAF91607286900C27749 /* Oriole2 */ = {
			isa = PBXGroup;
			children = (
				4E9E225A1F627A3400904BEB /* Ad */,
				4EA5BAFD1607286900C27749 /* Animation */,
				4EA5BB001607286900C27749 /* Common */,
				4EA5BB111607286900C27749 /* Controls */,
				4EA5BB2A1607286900C27749 /* Extend */,
				4EA5BB4F1607286900C27749 /* SNS */,
				4EA5BDE51607286A00C27749 /* ViewControllers */,
				4EFF0EB6193CCCDA00782AD4 /* ThirdParty */,
				4EA5BB4C1607286900C27749 /* OOExtend.h */,
				4EA5BB4E1607286900C27749 /* Oriole2.h */,
				4EFF0F99193CD38600782AD4 /* Resources */,
			);
			path = Oriole2;
			sourceTree = "<group>";
		};
		4EA5BAFD1607286900C27749 /* Animation */ = {
			isa = PBXGroup;
			children = (
				4E5FAB3E1A2AD52400BA308D /* OOAnimationManager.h */,
				4E5FAB3F1A2AD52400BA308D /* OOAnimationManager.m */,
				4EA5BAFE1607286900C27749 /* OOAnimation.h */,
				4EA5BAFF1607286900C27749 /* OOAnimation.m */,
			);
			path = Animation;
			sourceTree = "<group>";
		};
		4EA5BB001607286900C27749 /* Common */ = {
			isa = PBXGroup;
			children = (
				4EA5BB071607286900C27749 /* OOAppDelegate.h */,
				4EA5BB081607286900C27749 /* OOAppDelegate.m */,
				4EA5BB091607286900C27749 /* OOCommon.h */,
				4EA5BB0A1607286900C27749 /* OOCommon.m */,
				4E2B65CA194CB70B00552E94 /* OOMoreAppsEntity.h */,
				4E2B65CB194CB70B00552E94 /* OOMoreAppsEntity.m */,
			);
			path = Common;
			sourceTree = "<group>";
		};
		4EA5BB111607286900C27749 /* Controls */ = {
			isa = PBXGroup;
			children = (
				4E0DE7111769D282008A4E30 /* OOMoreAppsView.h */,
				4E0DE7121769D282008A4E30 /* OOMoreAppsView.m */,
				4E9E22561F6272F500904BEB /* OOMoreAppsButton.h */,
				4E9E22571F6272F500904BEB /* OOMoreAppsButton.m */,
				4EA5BB241607286900C27749 /* OOSplashView.h */,
				4EA5BB251607286900C27749 /* OOSplashView.m */,
				4E4721471711778B00675F51 /* OOZoomableImageView.h */,
				4E4721481711778B00675F51 /* OOZoomableImageView.m */,
			);
			path = Controls;
			sourceTree = "<group>";
		};
		4EA5BB2A1607286900C27749 /* Extend */ = {
			isa = PBXGroup;
			children = (
				4EA206991ABA4BD000FA02CE /* CoreAnimation */,
				4EA5BB2B1607286900C27749 /* CoreGraphic */,
				4EA5BB2E1607286900C27749 /* Foundation */,
				4EA5BB351607286900C27749 /* UIKit */,
			);
			path = Extend;
			sourceTree = "<group>";
		};
		4EA5BB2B1607286900C27749 /* CoreGraphic */ = {
			isa = PBXGroup;
			children = (
				4EA5BB2C1607286900C27749 /* OOGeometry+Extend.h */,
				4EA5BB2D1607286900C27749 /* OOGeometry+Extend.m */,
			);
			path = CoreGraphic;
			sourceTree = "<group>";
		};
		4EA5BB2E1607286900C27749 /* Foundation */ = {
			isa = PBXGroup;
			children = (
				4EA5BB2F1607286900C27749 /* NSData+Extend.h */,
				4EA5BB301607286900C27749 /* NSData+Extend.m */,
				4EA5BB331607286900C27749 /* NSString+Extend.h */,
				4EA5BB341607286900C27749 /* NSString+Extend.m */,
			);
			path = Foundation;
			sourceTree = "<group>";
		};
		4EA5BB351607286900C27749 /* UIKit */ = {
			isa = PBXGroup;
			children = (
				4EA5BB361607286900C27749 /* UIColor+Extend.h */,
				4EA5BB371607286900C27749 /* UIColor+Extend.m */,
				4EA5BB381607286900C27749 /* UIImage+Extend.h */,
				4EA5BB391607286900C27749 /* UIImage+Extend.m */,
				4EA5BB3A1607286900C27749 /* UIImageView+Extend.h */,
				4EA5BB3B1607286900C27749 /* UIImageView+Extend.m */,
				4EA5BB3C1607286900C27749 /* UIView+Extend.h */,
				4EA5BB3D1607286900C27749 /* UIView+Extend.m */,
			);
			path = UIKit;
			sourceTree = "<group>";
		};
		4EA5BB4F1607286900C27749 /* SNS */ = {
			isa = PBXGroup;
			children = (
				4E47214D1711779600675F51 /* OOActivity.h */,
				4E47214E1711779600675F51 /* OOActivity.m */,
			);
			path = SNS;
			sourceTree = "<group>";
		};
		4EA5BDE51607286A00C27749 /* ViewControllers */ = {
			isa = PBXGroup;
			children = (
				4EA5BDEA1607286A00C27749 /* OOMailViewController.h */,
				4EA5BDEB1607286A00C27749 /* OOMailViewController.m */,
			);
			path = ViewControllers;
			sourceTree = "<group>";
		};
		4EFF0EB6193CCCDA00782AD4 /* ThirdParty */ = {
			isa = PBXGroup;
			children = (
				4EFF0EE7193CCCDA00782AD4 /* GTM */,
			);
			path = ThirdParty;
			sourceTree = "<group>";
		};
		4EFF0EE7193CCCDA00782AD4 /* GTM */ = {
			isa = PBXGroup;
			children = (
				4EFF0EEB193CCCDA00782AD4 /* GTMObjectSingleton.h */,
			);
			path = GTM;
			sourceTree = "<group>";
		};
		4EFF0F99193CD38600782AD4 /* Resources */ = {
			isa = PBXGroup;
			children = (
				4EFF0F9D193CD38600782AD4 /* Oriole2.bundle */,
			);
			path = Resources;
			sourceTree = "<group>";
		};
		9C7E4046265FF1D7C6CD5725 /* Pods */ = {
			isa = PBXGroup;
			children = (
				09213B0C624BC16EAE786AE0 /* Pods-Oriole2.debug.xcconfig */,
				1E1940BEA17E27A5CADC7A84 /* Pods-Oriole2.release.xcconfig */,
			);
			name = Pods;
			sourceTree = "<group>";
		};
		D99EA3B713DDA6C700C26E68 /* Resources */ = {
			isa = PBXGroup;
			children = (
				D99EA3D013DDA6C900C26E68 /* InfoPlist.strings */,
			);
			path = Resources;
			sourceTree = "<group>";
		};
/* End PBXGroup section */

/* Begin PBXHeadersBuildPhase section */
		D2AAC07A0554694100DB518D /* Headers */ = {
			isa = PBXHeadersBuildPhase;
			buildActionMask = 2147483647;
			files = (
				4E6DF04A14F4CA1B00379535 /* Oriole2_Prefix.pch in Headers */,
				4EA5BDF81607286A00C27749 /* OOAnimation.h in Headers */,
				4EA5BE081607286A00C27749 /* OOAppDelegate.h in Headers */,
				4E5FAB401A2AD52400BA308D /* OOAnimationManager.h in Headers */,
				4E2B65CE194CB70B00552E94 /* OOMoreAppsEntity.h in Headers */,
				4EA5BE0C1607286A00C27749 /* OOCommon.h in Headers */,
				4EFF0F56193CCCDA00782AD4 /* GTMObjectSingleton.h in Headers */,
				4EA5BE401607286A00C27749 /* OOSplashView.h in Headers */,
				4EA2069C1ABA4BD000FA02CE /* CALayer+XibConfiguration.h in Headers */,
				4EA5BE4C1607286A00C27749 /* OOGeometry+Extend.h in Headers */,
				4EA5BE501607286A00C27749 /* NSData+Extend.h in Headers */,
				4EA5BE581607286A00C27749 /* NSString+Extend.h in Headers */,
				4EA5BE5C1607286A00C27749 /* UIColor+Extend.h in Headers */,
				4EA5BE601607286A00C27749 /* UIImage+Extend.h in Headers */,
				4EA5BE641607286A00C27749 /* UIImageView+Extend.h in Headers */,
				4EA5BE681607286A00C27749 /* UIView+Extend.h in Headers */,
				4EA5BE7C1607286A00C27749 /* OOExtend.h in Headers */,
				4E9E22581F6272F500904BEB /* OOMoreAppsButton.h in Headers */,
				4EA5BE7E1607286A00C27749 /* Oriole2.h in Headers */,
				4E9E225D1F627A3400904BEB /* OOAd.h in Headers */,
				4EA5C2C41607286B00C27749 /* OOMailViewController.h in Headers */,
				4E4721491711778B00675F51 /* OOZoomableImageView.h in Headers */,
				4E47214F1711779600675F51 /* OOActivity.h in Headers */,
				4E0DE7131769D282008A4E30 /* OOMoreAppsView.h in Headers */,
			);
			runOnlyForDeploymentPostprocessing = 0;
		};
/* End PBXHeadersBuildPhase section */

/* Begin PBXNativeTarget section */
		D2AAC07D0554694100DB518D /* Oriole2 */ = {
			isa = PBXNativeTarget;
			buildConfigurationList = 1DEB921E08733DC00010E9CD /* Build configuration list for PBXNativeTarget "Oriole2" */;
			buildPhases = (
				A8092BF7E7F4B7166FFE77E4 /* [CP] Check Pods Manifest.lock */,
				D2AAC07A0554694100DB518D /* Headers */,
				D2AAC07B0554694100DB518D /* Sources */,
				D2AAC07C0554694100DB518D /* Frameworks */,
				2FC2FBDB0DD8DD1E0351D757 /* [CP] Copy Pods Resources */,
			);
			buildRules = (
			);
			dependencies = (
			);
			name = Oriole2;
			productName = VSCommonLib;
			productReference = 4E6DF30614F4CAF100379535 /* libOriole2.a */;
			productType = "com.apple.product-type.library.static";
		};
		D95497DB131786090017EDAF /* Oriole2Test */ = {
			isa = PBXNativeTarget;
			buildConfigurationList = D95497E01317860A0017EDAF /* Build configuration list for PBXNativeTarget "Oriole2Test" */;
			buildPhases = (
				D95497D7131786090017EDAF /* Resources */,
				D95497D8131786090017EDAF /* Sources */,
				D95497D9131786090017EDAF /* Frameworks */,
				D95497DA131786090017EDAF /* ShellScript */,
			);
			buildRules = (
			);
			dependencies = (
			);
			name = Oriole2Test;
			productName = VSCommonLibTest;
			productReference = D95497DC131786090017EDAF /* Oriole2Test.octest */;
			productType = "com.apple.product-type.bundle.ocunit-test";
		};
/* End PBXNativeTarget section */

/* Begin PBXProject section */
		0867D690FE84028FC02AAC07 /* Project object */ = {
			isa = PBXProject;
			attributes = {
				LastUpgradeCheck = 0500;
			};
			buildConfigurationList = 1DEB922208733DC00010E9CD /* Build configuration list for PBXProject "Oriole2" */;
			compatibilityVersion = "Xcode 3.2";
			developmentRegion = English;
			hasScannedForEncodings = 1;
			knownRegions = (
				English,
				Japanese,
				French,
				German,
				zh_CN,
				en,
				"zh-Hans",
				"zh-Hant",
				es,
				de,
			);
			mainGroup = 0867D691FE84028FC02AAC07;
			productRefGroup = 034768DFFF38A50411DB9C8B /* Products */;
			projectDirPath = "";
			projectRoot = "";
			targets = (
				D2AAC07D0554694100DB518D /* Oriole2 */,
				D95497DB131786090017EDAF /* Oriole2Test */,
			);
		};
/* End PBXProject section */

/* Begin PBXResourcesBuildPhase section */
		D95497D7131786090017EDAF /* Resources */ = {
			isa = PBXResourcesBuildPhase;
			buildActionMask = 2147483647;
			files = (
			);
			runOnlyForDeploymentPostprocessing = 0;
		};
/* End PBXResourcesBuildPhase section */

/* Begin PBXShellScriptBuildPhase section */
		2FC2FBDB0DD8DD1E0351D757 /* [CP] Copy Pods Resources */ = {
			isa = PBXShellScriptBuildPhase;
			buildActionMask = 2147483647;
			files = (
			);
			inputPaths = (
				"${SRCROOT}/Pods/Target Support Files/Pods-Oriole2/Pods-Oriole2-resources.sh",
				"${PODS_ROOT}/iRate/iRate/iRate.bundle",
				"${PODS_ROOT}/iVersion/iVersion/iVersion.bundle",
			);
			name = "[CP] Copy Pods Resources";
			outputPaths = (
				"${TARGET_BUILD_DIR}/${UNLOCALIZED_RESOURCES_FOLDER_PATH}",
			);
			runOnlyForDeploymentPostprocessing = 0;
			shellPath = /bin/sh;
			shellScript = "\"${SRCROOT}/Pods/Target Support Files/Pods-Oriole2/Pods-Oriole2-resources.sh\"\n";
			showEnvVarsInLog = 0;
		};
		A8092BF7E7F4B7166FFE77E4 /* [CP] Check Pods Manifest.lock */ = {
			isa = PBXShellScriptBuildPhase;
			buildActionMask = 2147483647;
			files = (
			);
			inputPaths = (
				"${PODS_PODFILE_DIR_PATH}/Podfile.lock",
				"${PODS_ROOT}/Manifest.lock",
			);
			name = "[CP] Check Pods Manifest.lock";
			outputPaths = (
				"$(DERIVED_FILE_DIR)/Pods-Oriole2-checkManifestLockResult.txt",
			);
			runOnlyForDeploymentPostprocessing = 0;
			shellPath = /bin/sh;
			shellScript = "diff \"${PODS_PODFILE_DIR_PATH}/Podfile.lock\" \"${PODS_ROOT}/Manifest.lock\" > /dev/null\nif [ $? != 0 ] ; then\n    # print error to STDERR\n    echo \"error: The sandbox is not in sync with the Podfile.lock. Run 'pod install' or update your CocoaPods installation.\" >&2\n    exit 1\nfi\n# This output is used by Xcode 'outputs' to avoid re-running this script phase.\necho \"SUCCESS\" > \"${SCRIPT_OUTPUT_FILE_0}\"\n";
			showEnvVarsInLog = 0;
		};
		D95497DA131786090017EDAF /* ShellScript */ = {
			isa = PBXShellScriptBuildPhase;
			buildActionMask = 2147483647;
			files = (
			);
			inputPaths = (
			);
			outputPaths = (
			);
			runOnlyForDeploymentPostprocessing = 0;
			shellPath = /bin/sh;
			shellScript = "# Run the unit tests in this test bundle.\n\"${SYSTEM_DEVELOPER_DIR}/Tools/RunUnitTests\"\n";
		};
/* End PBXShellScriptBuildPhase section */

/* Begin PBXSourcesBuildPhase section */
		D2AAC07B0554694100DB518D /* Sources */ = {
			isa = PBXSourcesBuildPhase;
			buildActionMask = 2147483647;
			files = (
				4EA5BDFA1607286A00C27749 /* OOAnimation.m in Sources */,
				4EA5BE0A1607286A00C27749 /* OOAppDelegate.m in Sources */,
				4E9E22591F6272F500904BEB /* OOMoreAppsButton.m in Sources */,
				4EA5BE0E1607286A00C27749 /* OOCommon.m in Sources */,
				4EA5BE421607286A00C27749 /* OOSplashView.m in Sources */,
				4EA5BE4E1607286A00C27749 /* OOGeometry+Extend.m in Sources */,
				4EA5BE521607286A00C27749 /* NSData+Extend.m in Sources */,
				4EA2069D1ABA4BD000FA02CE /* CALayer+XibConfiguration.m in Sources */,
				4EA5BE5A1607286A00C27749 /* NSString+Extend.m in Sources */,
				4EA5BE5E1607286A00C27749 /* UIColor+Extend.m in Sources */,
				4E5FAB411A2AD52400BA308D /* OOAnimationManager.m in Sources */,
				4E2B65D0194CB70B00552E94 /* OOMoreAppsEntity.m in Sources */,
				4EA5BE621607286A00C27749 /* UIImage+Extend.m in Sources */,
				4EA5BE661607286A00C27749 /* UIImageView+Extend.m in Sources */,
				4EA5BE6A1607286A00C27749 /* UIView+Extend.m in Sources */,
				4EA5C2C61607286B00C27749 /* OOMailViewController.m in Sources */,
				4E47214B1711778B00675F51 /* OOZoomableImageView.m in Sources */,
				4E4721511711779600675F51 /* OOActivity.m in Sources */,
				4E9E225E1F627A3400904BEB /* OOAd.m in Sources */,
				4E0DE7151769D282008A4E30 /* OOMoreAppsView.m in Sources */,
			);
			runOnlyForDeploymentPostprocessing = 0;
		};
		D95497D8131786090017EDAF /* Sources */ = {
			isa = PBXSourcesBuildPhase;
			buildActionMask = 2147483647;
			files = (
			);
			runOnlyForDeploymentPostprocessing = 0;
		};
/* End PBXSourcesBuildPhase section */

/* Begin XCBuildConfiguration section */
		1DEB921F08733DC00010E9CD /* Debug */ = {
			isa = XCBuildConfiguration;
			baseConfigurationReference = 09213B0C624BC16EAE786AE0 /* Pods-Oriole2.debug.xcconfig */;
			buildSettings = {
				ALWAYS_SEARCH_USER_PATHS = NO;
				CLANG_ENABLE_OBJC_ARC = YES;
				COPY_PHASE_STRIP = NO;
				DSTROOT = /tmp/VSCommonLib.dst;
				FRAMEWORK_SEARCH_PATHS = (
					"$(inherited)",
					"$(PROJECT_DIR)/Oriole2/Resources",
				);
				GCC_DYNAMIC_NO_PIC = NO;
				GCC_MODEL_TUNING = G5;
				GCC_OPTIMIZATION_LEVEL = 0;
				GCC_PRECOMPILE_PREFIX_HEADER = YES;
				GCC_PREFIX_HEADER = Oriole2_Prefix.pch;
				GCC_THUMB_SUPPORT = NO;
				HEADER_SEARCH_PATHS = "";
				INSTALL_PATH = /usr/local/lib;
				LIBRARY_SEARCH_PATHS = "$(inherited)";
				OTHER_LDFLAGS = "";
				PRODUCT_NAME = Oriole2;
				SKIP_INSTALL = YES;
				TARGETED_DEVICE_FAMILY = "1,2";
				USER_HEADER_SEARCH_PATHS = "";
			};
			name = Debug;
		};
		1DEB922008733DC00010E9CD /* Release */ = {
			isa = XCBuildConfiguration;
			baseConfigurationReference = 1E1940BEA17E27A5CADC7A84 /* Pods-Oriole2.release.xcconfig */;
			buildSettings = {
				ALWAYS_SEARCH_USER_PATHS = NO;
				CLANG_ENABLE_OBJC_ARC = YES;
				DSTROOT = /tmp/VSCommonLib.dst;
				FRAMEWORK_SEARCH_PATHS = (
					"$(inherited)",
					"$(PROJECT_DIR)/Oriole2/Resources",
				);
				GCC_MODEL_TUNING = G5;
				GCC_PRECOMPILE_PREFIX_HEADER = YES;
				GCC_PREFIX_HEADER = Oriole2_Prefix.pch;
				GCC_THUMB_SUPPORT = NO;
				HEADER_SEARCH_PATHS = "";
				INFOPLIST_FILE = Info.plist;
				INSTALL_PATH = /usr/local/lib;
				LIBRARY_SEARCH_PATHS = "$(inherited)";
				OTHER_LDFLAGS = "";
				PRODUCT_NAME = Oriole2;
				SKIP_INSTALL = YES;
				TARGETED_DEVICE_FAMILY = "1,2";
				USER_HEADER_SEARCH_PATHS = "";
			};
			name = Release;
		};
		1DEB922308733DC00010E9CD /* Debug */ = {
			isa = XCBuildConfiguration;
			buildSettings = {
				GCC_C_LANGUAGE_STANDARD = c99;
				GCC_OPTIMIZATION_LEVEL = 0;
				GCC_WARN_ABOUT_RETURN_TYPE = YES;
				GCC_WARN_UNUSED_VARIABLE = YES;
				INFOPLIST_FILE = Info.plist;
				IPHONEOS_DEPLOYMENT_TARGET = 6.0;
				ONLY_ACTIVE_ARCH = YES;
				OTHER_CFLAGS = "-DDEBUG";
				OTHER_LDFLAGS = "-all_load";
				SDKROOT = iphoneos;
			};
			name = Debug;
		};
		1DEB922408733DC00010E9CD /* Release */ = {
			isa = XCBuildConfiguration;
			buildSettings = {
				GCC_C_LANGUAGE_STANDARD = c99;
				GCC_WARN_ABOUT_RETURN_TYPE = YES;
				GCC_WARN_UNUSED_VARIABLE = YES;
				IPHONEOS_DEPLOYMENT_TARGET = 6.0;
				OTHER_LDFLAGS = "-all_load";
				SDKROOT = iphoneos;
			};
			name = Release;
		};
		D95497DE131786090017EDAF /* Debug */ = {
			isa = XCBuildConfiguration;
			buildSettings = {
				ALWAYS_SEARCH_USER_PATHS = NO;
				"CODE_SIGN_IDENTITY[sdk=iphoneos*]" = "";
				COPY_PHASE_STRIP = NO;
				FRAMEWORK_SEARCH_PATHS = (
					"\"$(SDKROOT)/Developer/Library/Frameworks\"",
					"\"$(DEVELOPER_LIBRARY_DIR)/Frameworks\"",
				);
				GCC_DYNAMIC_NO_PIC = NO;
				GCC_ENABLE_OBJC_EXCEPTIONS = YES;
				GCC_OPTIMIZATION_LEVEL = 0;
				INFOPLIST_FILE = InfoTest.plist;
				OTHER_LDFLAGS = (
					"-framework",
					Foundation,
					"-framework",
					SenTestingKit,
					"-framework",
					UIKit,
				);
				PRODUCT_NAME = Oriole2Test;
				SDKROOT = iphoneos;
				WRAPPER_EXTENSION = octest;
			};
			name = Debug;
		};
		D95497DF131786090017EDAF /* Release */ = {
			isa = XCBuildConfiguration;
			buildSettings = {
				ALWAYS_SEARCH_USER_PATHS = NO;
				"CODE_SIGN_IDENTITY[sdk=iphoneos*]" = "";
				COPY_PHASE_STRIP = YES;
				DEBUG_INFORMATION_FORMAT = "dwarf-with-dsym";
				FRAMEWORK_SEARCH_PATHS = (
					"\"$(SDKROOT)/Developer/Library/Frameworks\"",
					"\"$(DEVELOPER_LIBRARY_DIR)/Frameworks\"",
				);
				GCC_ENABLE_OBJC_EXCEPTIONS = YES;
				INFOPLIST_FILE = InfoTest.plist;
				OTHER_LDFLAGS = (
					"-framework",
					Foundation,
					"-framework",
					SenTestingKit,
					"-framework",
					UIKit,
				);
				PRODUCT_NAME = Oriole2Test;
				SDKROOT = iphoneos;
				WRAPPER_EXTENSION = octest;
				ZERO_LINK = NO;
			};
			name = Release;
		};
/* End XCBuildConfiguration section */

/* Begin XCConfigurationList section */
		1DEB921E08733DC00010E9CD /* Build configuration list for PBXNativeTarget "Oriole2" */ = {
			isa = XCConfigurationList;
			buildConfigurations = (
				1DEB921F08733DC00010E9CD /* Debug */,
				1DEB922008733DC00010E9CD /* Release */,
			);
			defaultConfigurationIsVisible = 0;
			defaultConfigurationName = Release;
		};
		1DEB922208733DC00010E9CD /* Build configuration list for PBXProject "Oriole2" */ = {
			isa = XCConfigurationList;
			buildConfigurations = (
				1DEB922308733DC00010E9CD /* Debug */,
				1DEB922408733DC00010E9CD /* Release */,
			);
			defaultConfigurationIsVisible = 0;
			defaultConfigurationName = Release;
		};
		D95497E01317860A0017EDAF /* Build configuration list for PBXNativeTarget "Oriole2Test" */ = {
			isa = XCConfigurationList;
			buildConfigurations = (
				D95497DE131786090017EDAF /* Debug */,
				D95497DF131786090017EDAF /* Release */,
			);
			defaultConfigurationIsVisible = 0;
			defaultConfigurationName = Release;
		};
/* End XCConfigurationList section */
	};
	rootObject = 0867D690FE84028FC02AAC07 /* Project object */;
}
